
Microsoft Visual Studio Solution File, Format Version 12.00
# Visual Studio Version 17
VisualStudioVersion = 17.6.33815.320
MinimumVisualStudioVersion = 10.0.40219.1
Project("{FAE04EC0-301F-11D3-BF4B-00C04F79EFBC}") = "ContactsMvcApp", "ContactsMvcApp.csproj", "{2A344E8A-242C-43A3-A961-995E67E9F383}"
EndProject
Global
	GlobalSection(SolutionConfigurationPlatforms) = preSolution
		Debug|Any CPU = Debug|Any CPU
		Release|Any CPU = Release|Any CPU
	EndGlobalSection
	GlobalSection(ProjectConfigurationPlatforms) = postSolution
		{2A344E8A-242C-43A3-A961-995E67E9F383}.Debug|Any CPU.ActiveCfg = Debug|Any CPU
		{2A344E8A-242C-43A3-A961-995E67E9F383}.Debug|Any CPU.Build.0 = Debug|Any CPU
		{2A344E8A-242C-43A3-A961-995E67E9F383}.Release|Any CPU.ActiveCfg = Release|Any CPU
		{2A344E8A-242C-43A3-A961-995E67E9F383}.Release|Any CPU.Build.0 = Release|Any CPU
	EndGlobalSection
	GlobalSection(SolutionProperties) = preSolution
		HideSolutionNode = FALSE
	EndGlobalSection
	GlobalSection(ExtensibilityGlobals) = postSolution
		SolutionGuid = {B9DFC911-7C6B-4C9A-A8E7-80C089A7B909}
	EndGlobalSection
EndGlobal
